
Microsoft Visual Studio Solution File, Format Version 12.00
# Visual Studio Version 17
VisualStudioVersion = 17.5.002.0
MinimumVisualStudioVersion = 10.0.40219.1
Project("{9A19103F-16F7-4668-BE54-9A1E7A4F7556}") = "my-redis", "my-redis.csproj", "{3B715221-5159-4044-8199-07E378EF6C52}"
EndProject
Global
	GlobalSection(SolutionConfigurationPlatforms) = preSolution
		Debug|Any CPU = Debug|Any CPU
		Release|Any CPU = Release|Any CPU
	EndGlobalSection
	GlobalSection(ProjectConfigurationPlatforms) = postSolution
		{3B715221-5159-4044-8199-07E378EF6C52}.Debug|Any CPU.ActiveCfg = Debug|Any CPU
		{3B715221-5159-4044-8199-07E378EF6C52}.Debug|Any CPU.Build.0 = Debug|Any CPU
		{3B715221-5159-4044-8199-07E378EF6C52}.Release|Any CPU.ActiveCfg = Release|Any CPU
		{3B715221-5159-4044-8199-07E378EF6C52}.Release|Any CPU.Build.0 = Release|Any CPU
	EndGlobalSection
	GlobalSection(SolutionProperties) = preSolution
		HideSolutionNode = FALSE
	EndGlobalSection
	GlobalSection(ExtensibilityGlobals) = postSolution
		SolutionGuid = {8DB8CCDB-A3A5-413E-950B-14AF8CB83287}
	EndGlobalSection
EndGlobal
